# THIS IS AN AUTOGENERATED FILE. DO NOT EDIT THIS FILE DIRECTLY.
# yarn lockfile v1


"@babel/helper-string-parser@^7.24.8":
  version "7.24.8"
  resolved "https://registry.yarnpkg.com/@babel/helper-string-parser/-/helper-string-parser-7.24.8.tgz#5b3329c9a58803d5df425e5785865881a81ca48d"
  integrity sha512-pO9KhhRcuUyGnJWwyEgnRJTSIZHiT+vMD0kPeD+so0l7mxkMT19g3pjY9GTnHySck/hDzq+dtW/4VgnMkippsQ==

"@babel/helper-validator-identifier@^7.24.7":
  version "7.24.7"
  resolved "https://registry.yarnpkg.com/@babel/helper-validator-identifier/-/helper-validator-identifier-7.24.7.tgz#75b889cfaf9e35c2aaf42cf0d72c8e91719251db"
  integrity sha512-rR+PBcQ1SMQDDyF6X0wxtG8QyLCgUB0eRAGguqRLfkCA87l7yAP7ehq8SNj96OOGTO8OBV70KhuFYcIkHXOg0w==

"@babel/parser@^7.24.4":
  version "7.25.6"
  resolved "https://registry.yarnpkg.com/@babel/parser/-/parser-7.25.6.tgz#85660c5ef388cbbf6e3d2a694ee97a38f18afe2f"
  integrity sha512-trGdfBdbD0l1ZPmcJ83eNxB9rbEax4ALFTF7fN386TMYbeCQbyme5cOEXQhbGXKebwGaB/J52w1mrklMcbgy6Q==
  dependencies:
    "@babel/types" "^7.25.6"

"@babel/types@^7.25.6":
  version "7.25.6"
  resolved "https://registry.yarnpkg.com/@babel/types/-/types-7.25.6.tgz#893942ddb858f32ae7a004ec9d3a76b3463ef8e6"
  integrity sha512-/l42B1qxpG6RdfYf343Uw1vmDjeNhneUXtzhojE7pDgfpEypmRhI6j1kr17XCVv4Cgl9HdAiQY2x0GwKm7rWCw==
  dependencies:
    "@babel/helper-string-parser" "^7.24.8"
    "@babel/helper-validator-identifier" "^7.24.7"
    to-fast-properties "^2.0.0"

"@jridgewell/sourcemap-codec@^1.5.0":
  version "1.5.0"
  resolved "https://registry.yarnpkg.com/@jridgewell/sourcemap-codec/-/sourcemap-codec-1.5.0.tgz#3188bcb273a414b0d215fd22a58540b989b9409a"
  integrity sha512-gv3ZRaISU3fjPAgNsriBRqGWQL6quFx04YMPW/zD8XMLsU32mhCCbfbO6KZFLjvYpCZ8zyDEgqsgf+PwPaM7GQ==

"@kdujs/compiler-core@3.4.27":
  version "3.4.27"
  resolved "https://registry.yarnpkg.com/@kdujs/compiler-core/-/compiler-core-3.4.27.tgz#f71cc30692833d70aa73817ad61fca3837f59424"
  integrity sha512-DBPSHF2FxDrWFEyyZOOd2tledqH+74sK+ilJ+5123xlbHQjMGk51Hl+K3EGRlSomIq3XLGZY4wmihxscy92Stg==
  dependencies:
    "@babel/parser" "^7.24.4"
    "@kdujs/shared" "3.4.27"
    entities "^4.5.0"
    estree-walker "^2.0.2"
    source-map-js "^1.2.0"

"@kdujs/compiler-dom@3.4.27":
  version "3.4.27"
  resolved "https://registry.yarnpkg.com/@kdujs/compiler-dom/-/compiler-dom-3.4.27.tgz#32e1ff2adea9c7fb63bd93492173c3aee48557b0"
  integrity sha512-EPxo/prK9TIiRUo9vnsr7MywdbA9V73RDHBHdCO8aSJtZOOvvBAcnT8f1xWTB7YOCRB6p0DHqE+cgQFNTFZCUw==
  dependencies:
    "@kdujs/compiler-core" "3.4.27"
    "@kdujs/shared" "3.4.27"

"@kdujs/compiler-sfc@3.4.27":
  version "3.4.27"
  resolved "https://registry.yarnpkg.com/@kdujs/compiler-sfc/-/compiler-sfc-3.4.27.tgz#985d662bce127137754433edeb1a2798cebc6f07"
  integrity sha512-cQfRG7dG7BwWNRc7c/J+udngljQf/HoqN27HDJwXsOndrdMkY9gtt97iMvjD7ghLbqAjQr3bzzlwergDSxYQ6g==
  dependencies:
    "@babel/parser" "^7.24.4"
    "@kdujs/compiler-core" "3.4.27"
    "@kdujs/compiler-dom" "3.4.27"
    "@kdujs/compiler-ssr" "3.4.27"
    "@kdujs/shared" "3.4.27"
    estree-walker "^2.0.2"
    magic-string "^0.30.10"
    postcss "^8.4.38"
    source-map-js "^1.2.0"

"@kdujs/compiler-ssr@3.4.27":
  version "3.4.27"
  resolved "https://registry.yarnpkg.com/@kdujs/compiler-ssr/-/compiler-ssr-3.4.27.tgz#0c980606ca7741fc86357caa4528ef15e4850579"
  integrity sha512-ZQnd7bkMEktOmx2f+nlDRI3hO6wr2oXYbulzQVyOFHT9jVjhROSPeEOJCWI9VZ26IJzZyx/sGlmoHfErfF9Jfw==
  dependencies:
    "@kdujs/compiler-dom" "3.4.27"
    "@kdujs/shared" "3.4.27"

"@kdujs/reactivity@3.4.27":
  version "3.4.27"
  resolved "https://registry.yarnpkg.com/@kdujs/reactivity/-/reactivity-3.4.27.tgz#716dfa1da198a48082f72e3139da06b07263e632"
  integrity sha512-xY2rf5aLTjarHSqXTa2c4fvaXWboxrdziQ/iP1wwkH1OjlwAwdmApR0zo2v/XYkQ7kSUmIBs4jbzYAkrk01sMw==
  dependencies:
    "@kdujs/shared" "3.4.27"

"@kdujs/runtime-core@3.4.27":
  version "3.4.27"
  resolved "https://registry.yarnpkg.com/@kdujs/runtime-core/-/runtime-core-3.4.27.tgz#2f41a96e72f1a586407c07bc6e9df6b65a4181bf"
  integrity sha512-x7+IOzH5zrncEljqPuKYvaR/ITa4j9BFczLL4R4Yze7Uqdv3YnZq6YyWgkgVeQyX1CpKPF8WiCiIlxvHxWWqxg==
  dependencies:
    "@kdujs/reactivity" "3.4.27"
    "@kdujs/shared" "3.4.27"

"@kdujs/runtime-dom@3.4.27":
  version "3.4.27"
  resolved "https://registry.yarnpkg.com/@kdujs/runtime-dom/-/runtime-dom-3.4.27.tgz#595d90ee56d599a2e2acde7f9550891fceb6904c"
  integrity sha512-eC2IXUUmhel5Vruj5DLDJipZHM0O1vLvFQ7rrpg644PAXVw0khCrEM+FqerF2IPmMZL2hb8+qnjffBj7fYxneQ==
  dependencies:
    "@kdujs/runtime-core" "3.4.27"
    "@kdujs/shared" "3.4.27"
    csstype "^3.1.3"

"@kdujs/server-renderer@3.4.27":
  version "3.4.27"
  resolved "https://registry.yarnpkg.com/@kdujs/server-renderer/-/server-renderer-3.4.27.tgz#c0b864ee114feb83ccc5d98aa510ccc5a13b688d"
  integrity sha512-ikJwU3OqaIl9hm16X7yVKTkw14kWmqugVd448X719LlDi6LlzdFbnFcUovA2W+sGEg90mD2n5+qPGWB9RchhYg==
  dependencies:
    "@kdujs/compiler-ssr" "3.4.27"
    "@kdujs/shared" "3.4.27"

"@kdujs/shared@3.4.27":
  version "3.4.27"
  resolved "https://registry.yarnpkg.com/@kdujs/shared/-/shared-3.4.27.tgz#811ba04598317a32e83db4c62228129e2d14f411"
  integrity sha512-+RU9bEt8kOqYDyyced44DqDW9YR+nA7GKGEhRlGr3C0Tz2EUnkblO5/SW5s/gFL63ne+TROpdbQt1X0IpL+jdQ==

"@nkduy/swiper@^8.0.0":
  version "8.0.0"
  resolved "https://registry.yarnpkg.com/@nkduy/swiper/-/swiper-8.0.0.tgz#981cc017f4a65812ded2d382e370152a25045160"
  integrity sha512-Faz5z8aZo+FrLI55IfMSxqa3e4SpJzNYcyPDzti5CltzswZGSu+wo9DqyLVnFcwUU3lt2kGSQRbTXeAZVpSFow==
  dependencies:
    dom7 "^4.0.4"
    ssr-window "^4.0.2"

csstype@^3.1.3:
  version "3.1.3"
  resolved "https://registry.yarnpkg.com/csstype/-/csstype-3.1.3.tgz#d80ff294d114fb0e6ac500fbf85b60137d7eff81"
  integrity sha512-M1uQkMl8rQK/szD0LNhtqxIPLpimGm8sOBwU7lLnCpSbTyY3yeU1Vc7l4KT5zT4s/yOxHH5O7tIuuLOCnLADRw==

dom7@^4.0.4:
  version "4.0.4"
  resolved "https://registry.yarnpkg.com/dom7/-/dom7-4.0.4.tgz#8b68c5d8e5e2ed0fddb1cb93e433bc9060c8f3fb"
  integrity sha512-DSSgBzQ4rJWQp1u6o+3FVwMNnT5bzQbMb+o31TjYYeRi05uAcpF8koxdfzeoe5ElzPmua7W7N28YJhF7iEKqIw==
  dependencies:
    ssr-window "^4.0.0"

entities@^4.5.0:
  version "4.5.0"
  resolved "https://registry.yarnpkg.com/entities/-/entities-4.5.0.tgz#5d268ea5e7113ec74c4d033b79ea5a35a488fb48"
  integrity sha512-V0hjH4dGPh9Ao5p0MoRY6BVqtwCjhz6vI5LT8AJ55H+4g9/4vbHx1I54fS0XuclLhDHArPQCiMjDxjaL8fPxhw==

estree-walker@^2.0.2:
  version "2.0.2"
  resolved "https://registry.yarnpkg.com/estree-walker/-/estree-walker-2.0.2.tgz#52f010178c2a4c117a7757cfe942adb7d2da4cac"
  integrity sha512-Rfkk/Mp/DL7JVje3u18FxFujQlTNR2q6QfMSMB7AvCBx91NGj/ba3kCfza0f6dVDbw7YlRf/nDrn7pQrCCyQ/w==

kdu@^3.2.48:
  version "3.4.27"
  resolved "https://registry.yarnpkg.com/kdu/-/kdu-3.4.27.tgz#06bceb00a366ffe75ed3b0f6839d95fd4c2a69ff"
  integrity sha512-uQldRRBY3cPzsru8Q6euTrGYWxRPi0eElSQqL9qhhnoyW0kWUaGaW7MkezFXCzflfcjIoaJfbJDdMPfIxBen8Q==
  dependencies:
    "@kdujs/compiler-dom" "3.4.27"
    "@kdujs/compiler-sfc" "3.4.27"
    "@kdujs/runtime-dom" "3.4.27"
    "@kdujs/server-renderer" "3.4.27"
    "@kdujs/shared" "3.4.27"

magic-string@^0.30.10:
  version "0.30.11"
  resolved "https://registry.yarnpkg.com/magic-string/-/magic-string-0.30.11.tgz#301a6f93b3e8c2cb13ac1a7a673492c0dfd12954"
  integrity sha512-+Wri9p0QHMy+545hKww7YAu5NyzF8iomPL/RQazugQ9+Ez4Ic3mERMd8ZTX5rfK944j+560ZJi8iAwgak1Ac7A==
  dependencies:
    "@jridgewell/sourcemap-codec" "^1.5.0"

nanoid@^3.3.7:
  version "3.3.7"
  resolved "https://registry.yarnpkg.com/nanoid/-/nanoid-3.3.7.tgz#d0c301a691bc8d54efa0a2226ccf3fe2fd656bd8"
  integrity sha512-eSRppjcPIatRIMC1U6UngP8XFcz8MQWGQdt1MTBQ7NaAmvXDfvNxbvWV3x2y6CdEUciCSsDHDQZbhYaB8QEo2g==

picocolors@^1.0.1:
  version "1.1.0"
  resolved "https://registry.yarnpkg.com/picocolors/-/picocolors-1.1.0.tgz#5358b76a78cde483ba5cef6a9dc9671440b27d59"
  integrity sha512-TQ92mBOW0l3LeMeyLV6mzy/kWr8lkd/hp3mTg7wYK7zJhuBStmGMBG0BdeDZS/dZx1IukaX6Bk11zcln25o1Aw==

postcss@^8.4.38:
  version "8.4.45"
  resolved "https://registry.yarnpkg.com/postcss/-/postcss-8.4.45.tgz#538d13d89a16ef71edbf75d895284ae06b79e603"
  integrity sha512-7KTLTdzdZZYscUc65XmjFiB73vBhBfbPztCYdUNvlaso9PrzjzcmjqBPR0lNGkcVlcO4BjiO5rK/qNz+XAen1Q==
  dependencies:
    nanoid "^3.3.7"
    picocolors "^1.0.1"
    source-map-js "^1.2.0"

source-map-js@^1.2.0:
  version "1.2.1"
  resolved "https://registry.yarnpkg.com/source-map-js/-/source-map-js-1.2.1.tgz#1ce5650fddd87abc099eda37dcff024c2667ae46"
  integrity sha512-UXWMKhLOwVKb728IUtQPXxfYU+usdybtUrK/8uGE8CQMvrhOpwvzDBwj0QhSL7MQc7vIsISBG8VQ8+IDQxpfQA==

ssr-window@^4.0.0, ssr-window@^4.0.2:
  version "4.0.2"
  resolved "https://registry.yarnpkg.com/ssr-window/-/ssr-window-4.0.2.tgz#dc6b3ee37be86ac0e3ddc60030f7b3bc9b8553be"
  integrity sha512-ISv/Ch+ig7SOtw7G2+qkwfVASzazUnvlDTwypdLoPoySv+6MqlOV10VwPSE6EWkGjhW50lUmghPmpYZXMu/+AQ==

to-fast-properties@^2.0.0:
  version "2.0.0"
  resolved "https://registry.yarnpkg.com/to-fast-properties/-/to-fast-properties-2.0.0.tgz#dc5e698cbd079265bc73e0377681a4e4e83f616e"
  integrity sha512-/OaKK0xYrs3DmxRYqL/yDc+FxFUVYhDlXMhRmv3z915w2HF1tnN1omB354j8VUGO/hbRzyD6Y3sA7v7GS/ceog==

typescript@^4.5.4:
  version "4.6.2"
  resolved "https://registry.yarnpkg.com/typescript/-/typescript-4.6.2.tgz#fe12d2727b708f4eef40f51598b3398baa9611d4"
  integrity sha512-HM/hFigTBHZhLXshn9sN37H085+hQGeJHJ/X7LpBWLID/fbc2acUMfU+lGD98X81sKP+pFa9f0DZmCwB9GnbAg==
